dependencies:
- name: common
  repository: oci://registry-1.docker.io/bitnamicharts
  version: 2.30.2
- name: nectarlib
  repository: oci://registry.rc.nectar.org.au/nectar-helm
  version: 3.0.3
digest: sha256:c71a50c044ce632e628794435cb59f4843b246e0401e17761ac2289fc0fcb486
generated: "2025-05-05T04:07:07.989281463Z"
