dependencies:
- name: common
  repository: oci://registry-1.docker.io/bitnamicharts
  version: 2.29.0
- name: nectarlib
  repository: oci://registry.rc.nectar.org.au/nectar-helm
  version: 3.0.2
digest: sha256:8164c0f07828b2f99a315aa9c5a68f8410fb301418e693542cbf10c889f963d2
generated: "2025-02-19T03:06:59.274210605Z"
